
Microsoft Visual Studio Solution File, Format Version 12.00
# Visual Studio Version 17
VisualStudioVersion = 17.4.33213.308
MinimumVisualStudioVersion = 10.0.40219.1
Project("{FAE04EC0-301F-11D3-BF4B-00C04F79EFBC}") = "Stock_Project", "Stock_Project\Stock_Project.csproj", "{907F8B7E-16F6-4A1D-B688-56892338A191}"
EndProject
Global
	GlobalSection(SolutionConfigurationPlatforms) = preSolution
		Debug|Any CPU = Debug|Any CPU
		Release|Any CPU = Release|Any CPU
	EndGlobalSection
	GlobalSection(ProjectConfigurationPlatforms) = postSolution
		{907F8B7E-16F6-4A1D-B688-56892338A191}.Debug|Any CPU.ActiveCfg = Debug|Any CPU
		{907F8B7E-16F6-4A1D-B688-56892338A191}.Debug|Any CPU.Build.0 = Debug|Any CPU
		{907F8B7E-16F6-4A1D-B688-56892338A191}.Release|Any CPU.ActiveCfg = Release|Any CPU
		{907F8B7E-16F6-4A1D-B688-56892338A191}.Release|Any CPU.Build.0 = Release|Any CPU
	EndGlobalSection
	GlobalSection(SolutionProperties) = preSolution
		HideSolutionNode = FALSE
	EndGlobalSection
	GlobalSection(ExtensibilityGlobals) = postSolution
		SolutionGuid = {7E5DAC74-5A0E-4A98-BC1E-86E1D3ADAA1D}
	EndGlobalSection
EndGlobal
